
Microsoft Visual Studio Solution File, Format Version 12.00
# Visual Studio Version 16
VisualStudioVersion = 16.0.31911.196
MinimumVisualStudioVersion = 10.0.40219.1
Project("{FAE04EC0-301F-11D3-BF4B-00C04F79EFBC}") = "EmployeeMangements", "EmployeeMangements.csproj", "{A5DAA563-7FA0-4079-98CA-0843720AD3FF}"
EndProject
Global
	GlobalSection(SolutionConfigurationPlatforms) = preSolution
		Debug|Any CPU = Debug|Any CPU
		Release|Any CPU = Release|Any CPU
	EndGlobalSection
	GlobalSection(ProjectConfigurationPlatforms) = postSolution
		{A5DAA563-7FA0-4079-98CA-0843720AD3FF}.Debug|Any CPU.ActiveCfg = Debug|Any CPU
		{A5DAA563-7FA0-4079-98CA-0843720AD3FF}.Debug|Any CPU.Build.0 = Debug|Any CPU
		{A5DAA563-7FA0-4079-98CA-0843720AD3FF}.Release|Any CPU.ActiveCfg = Release|Any CPU
		{A5DAA563-7FA0-4079-98CA-0843720AD3FF}.Release|Any CPU.Build.0 = Release|Any CPU
	EndGlobalSection
	GlobalSection(SolutionProperties) = preSolution
		HideSolutionNode = FALSE
	EndGlobalSection
	GlobalSection(ExtensibilityGlobals) = postSolution
		SolutionGuid = {7B9E8AEE-DEBD-4BB3-B8F5-657E50EA3F87}
	EndGlobalSection
EndGlobal
